// !$*UTF8*$!
{
	archiveVersion = 1;
	classes = {
	};
	objectVersion = 60;
	objects = {

/* Begin PBXBuildFile section */
		021EAA042E2F6C190094431C /* Playground+LayersView.swift in Sources */ = {isa = PBXBuildFile; fileRef = 021EAA032E2F6C190094431C /* Playground+LayersView.swift */; };
		E504D96B2D8B2F8800FC20F8 /* Playground+SwiftUIView.swift in Sources */ = {isa = PBXBuildFile; fileRef = E504D96A2D8B2F8800FC20F8 /* Playground+SwiftUIView.swift */; };
		E58E92452CCF40FD0076FEFB /* AppDelegate.swift in Sources */ = {isa = PBXBuildFile; fileRef = E58E92442CCF40FD0076FEFB /* AppDelegate.swift */; };
		E58E92472CCF40FD0076FEFB /* SceneDelegate.swift in Sources */ = {isa = PBXBuildFile; fileRef = E58E92462CCF40FD0076FEFB /* SceneDelegate.swift */; };
		E58E92492CCF40FD0076FEFB /* ViewController.swift in Sources */ = {isa = PBXBuildFile; fileRef = E58E92482CCF40FD0076FEFB /* ViewController.swift */; };
		E58E924C2CCF40FD0076FEFB /* Base in Resources */ = {isa = PBXBuildFile; fileRef = E58E924B2CCF40FD0076FEFB /* Base */; };
		E58E924E2CCF40FF0076FEFB /* Assets.xcassets in Resources */ = {isa = PBXBuildFile; fileRef = E58E924D2CCF40FF0076FEFB /* Assets.xcassets */; };
		E58E92512CCF40FF0076FEFB /* Base in Resources */ = {isa = PBXBuildFile; fileRef = E58E92502CCF40FF0076FEFB /* Base */; };
		E58E925C2CCF43710076FEFB /* ComposeUI in Frameworks */ = {isa = PBXBuildFile; productRef = E58E925B2CCF43710076FEFB /* ComposeUI */; };
		E58FCD712D8E77F9003138BE /* Playground+LabelView.swift in Sources */ = {isa = PBXBuildFile; fileRef = E58FCD702D8E77F9003138BE /* Playground+LabelView.swift */; };
		E58FCD752D8FD11A003138BE /* Playground+ScrollView.swift in Sources */ = {isa = PBXBuildFile; fileRef = E58FCD742D8FD11A003138BE /* Playground+ScrollView.swift */; };
		E58FCDA82D90B5A8003138BE /* Playground+TextView.swift in Sources */ = {isa = PBXBuildFile; fileRef = E58FCDA72D90B5A8003138BE /* Playground+TextView.swift */; };
		E5D636CE2D7CEA270080A152 /* Playground+FrameView.swift in Sources */ = {isa = PBXBuildFile; fileRef = E5D636CD2D7CEA270080A152 /* Playground+FrameView.swift */; };
		E5D636D22D7CEA9B0080A152 /* Playground.swift in Sources */ = {isa = PBXBuildFile; fileRef = E5D636D12D7CEA9B0080A152 /* Playground.swift */; };
		E5D636D42D7CECAB0080A152 /* Colors.swift in Sources */ = {isa = PBXBuildFile; fileRef = E5D636D32D7CECAB0080A152 /* Colors.swift */; };
		E5EA9B332D06CD4700570DF1 /* ComposeUI in Frameworks */ = {isa = PBXBuildFile; productRef = E5EA9B322D06CD4700570DF1 /* ComposeUI */; };
		E5ED82052D87B2AF00B3FE3A /* Playground+AnimatingComposeView.swift in Sources */ = {isa = PBXBuildFile; fileRef = E5ED82032D87B2AF00B3FE3A /* Playground+AnimatingComposeView.swift */; };
		E5ED82062D87B2AF00B3FE3A /* Playground+TransitionView.swift in Sources */ = {isa = PBXBuildFile; fileRef = E5ED82042D87B2AF00B3FE3A /* Playground+TransitionView.swift */; };
		E5F25D7F2D9A5BEF00183721 /* Playground+ShadowView.swift in Sources */ = {isa = PBXBuildFile; fileRef = E5F25D7E2D9A5BEF00183721 /* Playground+ShadowView.swift */; };
/* End PBXBuildFile section */

/* Begin PBXFileReference section */
		021EAA032E2F6C190094431C /* Playground+LayersView.swift */ = {isa = PBXFileReference; lastKnownFileType = sourcecode.swift; path = "Playground+LayersView.swift"; sourceTree = "<group>"; };
		E504D96A2D8B2F8800FC20F8 /* Playground+SwiftUIView.swift */ = {isa = PBXFileReference; lastKnownFileType = sourcecode.swift; path = "Playground+SwiftUIView.swift"; sourceTree = "<group>"; };
		E58E92412CCF40FD0076FEFB /* ComposéUI.app */ = {isa = PBXFileReference; explicitFileType = wrapper.application; includeInIndex = 0; path = "ComposéUI.app"; sourceTree = BUILT_PRODUCTS_DIR; };
		E58E92442CCF40FD0076FEFB /* AppDelegate.swift */ = {isa = PBXFileReference; lastKnownFileType = sourcecode.swift; path = AppDelegate.swift; sourceTree = "<group>"; };
		E58E92462CCF40FD0076FEFB /* SceneDelegate.swift */ = {isa = PBXFileReference; lastKnownFileType = sourcecode.swift; path = SceneDelegate.swift; sourceTree = "<group>"; };
		E58E92482CCF40FD0076FEFB /* ViewController.swift */ = {isa = PBXFileReference; lastKnownFileType = sourcecode.swift; path = ViewController.swift; sourceTree = "<group>"; };
		E58E924B2CCF40FD0076FEFB /* Base */ = {isa = PBXFileReference; lastKnownFileType = file.storyboard; name = Base; path = Base.lproj/Main.storyboard; sourceTree = "<group>"; };
		E58E924D2CCF40FF0076FEFB /* Assets.xcassets */ = {isa = PBXFileReference; lastKnownFileType = folder.assetcatalog; path = Assets.xcassets; sourceTree = "<group>"; };
		E58E92502CCF40FF0076FEFB /* Base */ = {isa = PBXFileReference; lastKnownFileType = file.storyboard; name = Base; path = Base.lproj/LaunchScreen.storyboard; sourceTree = "<group>"; };
		E58E92522CCF40FF0076FEFB /* Info.plist */ = {isa = PBXFileReference; lastKnownFileType = text.plist.xml; path = Info.plist; sourceTree = "<group>"; };
		E58FCD702D8E77F9003138BE /* Playground+LabelView.swift */ = {isa = PBXFileReference; lastKnownFileType = sourcecode.swift; path = "Playground+LabelView.swift"; sourceTree = "<group>"; };
		E58FCD742D8FD11A003138BE /* Playground+ScrollView.swift */ = {isa = PBXFileReference; lastKnownFileType = sourcecode.swift; path = "Playground+ScrollView.swift"; sourceTree = "<group>"; };
		E58FCDA72D90B5A8003138BE /* Playground+TextView.swift */ = {isa = PBXFileReference; lastKnownFileType = sourcecode.swift; path = "Playground+TextView.swift"; sourceTree = "<group>"; };
		E5D636CD2D7CEA270080A152 /* Playground+FrameView.swift */ = {isa = PBXFileReference; lastKnownFileType = sourcecode.swift; path = "Playground+FrameView.swift"; sourceTree = "<group>"; };
		E5D636D12D7CEA9B0080A152 /* Playground.swift */ = {isa = PBXFileReference; lastKnownFileType = sourcecode.swift; path = Playground.swift; sourceTree = "<group>"; };
		E5D636D32D7CECAB0080A152 /* Colors.swift */ = {isa = PBXFileReference; lastKnownFileType = sourcecode.swift; path = Colors.swift; sourceTree = "<group>"; };
		E5ED82032D87B2AF00B3FE3A /* Playground+AnimatingComposeView.swift */ = {isa = PBXFileReference; lastKnownFileType = sourcecode.swift; path = "Playground+AnimatingComposeView.swift"; sourceTree = "<group>"; };
		E5ED82042D87B2AF00B3FE3A /* Playground+TransitionView.swift */ = {isa = PBXFileReference; lastKnownFileType = sourcecode.swift; path = "Playground+TransitionView.swift"; sourceTree = "<group>"; };
		E5F25D7E2D9A5BEF00183721 /* Playground+ShadowView.swift */ = {isa = PBXFileReference; lastKnownFileType = sourcecode.swift; path = "Playground+ShadowView.swift"; sourceTree = "<group>"; };
/* End PBXFileReference section */

/* Begin PBXFrameworksBuildPhase section */
		E58E923E2CCF40FD0076FEFB /* Frameworks */ = {
			isa = PBXFrameworksBuildPhase;
			buildActionMask = 2147483647;
			files = (
				E58E925C2CCF43710076FEFB /* ComposeUI in Frameworks */,
				E5EA9B332D06CD4700570DF1 /* ComposeUI in Frameworks */,
			);
			runOnlyForDeploymentPostprocessing = 0;
		};
/* End PBXFrameworksBuildPhase section */

/* Begin PBXGroup section */
		E58E92382CCF40FD0076FEFB = {
			isa = PBXGroup;
			children = (
				E58E92432CCF40FD0076FEFB /* ComposeUIPlayground-iOS */,
				E58E92422CCF40FD0076FEFB /* Products */,
			);
			sourceTree = "<group>";
		};
		E58E92422CCF40FD0076FEFB /* Products */ = {
			isa = PBXGroup;
			children = (
				E58E92412CCF40FD0076FEFB /* ComposéUI.app */,
			);
			name = Products;
			sourceTree = "<group>";
		};
		E58E92432CCF40FD0076FEFB /* ComposeUIPlayground-iOS */ = {
			isa = PBXGroup;
			children = (
				E58E92442CCF40FD0076FEFB /* AppDelegate.swift */,
				E58E92462CCF40FD0076FEFB /* SceneDelegate.swift */,
				E58E92482CCF40FD0076FEFB /* ViewController.swift */,
				E5D636D32D7CECAB0080A152 /* Colors.swift */,
				E5D636CC2D7CE8E40080A152 /* PlaygroundViews */,
				E58E924A2CCF40FD0076FEFB /* Main.storyboard */,
				E58E924D2CCF40FF0076FEFB /* Assets.xcassets */,
				E58E924F2CCF40FF0076FEFB /* LaunchScreen.storyboard */,
				E58E92522CCF40FF0076FEFB /* Info.plist */,
			);
			path = "ComposeUIPlayground-iOS";
			sourceTree = "<group>";
		};
		E5D636CC2D7CE8E40080A152 /* PlaygroundViews */ = {
			isa = PBXGroup;
			children = (
				E5D636D12D7CEA9B0080A152 /* Playground.swift */,
				E5ED82032D87B2AF00B3FE3A /* Playground+AnimatingComposeView.swift */,
				E5ED82042D87B2AF00B3FE3A /* Playground+TransitionView.swift */,
				E5D636CD2D7CEA270080A152 /* Playground+FrameView.swift */,
				021EAA032E2F6C190094431C /* Playground+LayersView.swift */,
				E5F25D7E2D9A5BEF00183721 /* Playground+ShadowView.swift */,
				E504D96A2D8B2F8800FC20F8 /* Playground+SwiftUIView.swift */,
				E58FCD702D8E77F9003138BE /* Playground+LabelView.swift */,
				E58FCDA72D90B5A8003138BE /* Playground+TextView.swift */,
				E58FCD742D8FD11A003138BE /* Playground+ScrollView.swift */,
			);
			path = PlaygroundViews;
			sourceTree = "<group>";
		};
/* End PBXGroup section */

/* Begin PBXNativeTarget section */
		E58E92402CCF40FD0076FEFB /* ComposeUIPlayground-iOS */ = {
			isa = PBXNativeTarget;
			buildConfigurationList = E58E92552CCF40FF0076FEFB /* Build configuration list for PBXNativeTarget "ComposeUIPlayground-iOS" */;
			buildPhases = (
				E58E923D2CCF40FD0076FEFB /* Sources */,
				E58E923E2CCF40FD0076FEFB /* Frameworks */,
				E58E923F2CCF40FD0076FEFB /* Resources */,
			);
			buildRules = (
			);
			dependencies = (
			);
			name = "ComposeUIPlayground-iOS";
			packageProductDependencies = (
				E58E925B2CCF43710076FEFB /* ComposeUI */,
				E5EA9B322D06CD4700570DF1 /* ComposeUI */,
			);
			productName = "ComposeUIPlayground-iOS";
			productReference = E58E92412CCF40FD0076FEFB /* ComposéUI.app */;
			productType = "com.apple.product-type.application";
		};
/* End PBXNativeTarget section */

/* Begin PBXProject section */
		E58E92392CCF40FD0076FEFB /* Project object */ = {
			isa = PBXProject;
			attributes = {
				BuildIndependentTargetsInParallel = 1;
				LastSwiftUpdateCheck = 1540;
				LastUpgradeCheck = 1540;
				TargetAttributes = {
					E58E92402CCF40FD0076FEFB = {
						CreatedOnToolsVersion = 15.4;
					};
				};
			};
			buildConfigurationList = E58E923C2CCF40FD0076FEFB /* Build configuration list for PBXProject "ComposeUIPlayground-iOS" */;
			compatibilityVersion = "Xcode 14.0";
			developmentRegion = en;
			hasScannedForEncodings = 0;
			knownRegions = (
				en,
				Base,
			);
			mainGroup = E58E92382CCF40FD0076FEFB;
			packageReferences = (
				E5EA9B312D06CD4700570DF1 /* XCLocalSwiftPackageReference "../../../ComposeUI" */,
			);
			productRefGroup = E58E92422CCF40FD0076FEFB /* Products */;
			projectDirPath = "";
			projectRoot = "";
			targets = (
				E58E92402CCF40FD0076FEFB /* ComposeUIPlayground-iOS */,
			);
		};
/* End PBXProject section */

/* Begin PBXResourcesBuildPhase section */
		E58E923F2CCF40FD0076FEFB /* Resources */ = {
			isa = PBXResourcesBuildPhase;
			buildActionMask = 2147483647;
			files = (
				E58E924E2CCF40FF0076FEFB /* Assets.xcassets in Resources */,
				E58E92512CCF40FF0076FEFB /* Base in Resources */,
				E58E924C2CCF40FD0076FEFB /* Base in Resources */,
			);
			runOnlyForDeploymentPostprocessing = 0;
		};
/* End PBXResourcesBuildPhase section */

/* Begin PBXSourcesBuildPhase section */
		E58E923D2CCF40FD0076FEFB /* Sources */ = {
			isa = PBXSourcesBuildPhase;
			buildActionMask = 2147483647;
			files = (
				E58FCDA82D90B5A8003138BE /* Playground+TextView.swift in Sources */,
				E504D96B2D8B2F8800FC20F8 /* Playground+SwiftUIView.swift in Sources */,
				E5D636CE2D7CEA270080A152 /* Playground+FrameView.swift in Sources */,
				E5D636D22D7CEA9B0080A152 /* Playground.swift in Sources */,
				E58E92492CCF40FD0076FEFB /* ViewController.swift in Sources */,
				021EAA042E2F6C190094431C /* Playground+LayersView.swift in Sources */,
				E58FCD712D8E77F9003138BE /* Playground+LabelView.swift in Sources */,
				E5ED82052D87B2AF00B3FE3A /* Playground+AnimatingComposeView.swift in Sources */,
				E5ED82062D87B2AF00B3FE3A /* Playground+TransitionView.swift in Sources */,
				E5D636D42D7CECAB0080A152 /* Colors.swift in Sources */,
				E58E92452CCF40FD0076FEFB /* AppDelegate.swift in Sources */,
				E58E92472CCF40FD0076FEFB /* SceneDelegate.swift in Sources */,
				E5F25D7F2D9A5BEF00183721 /* Playground+ShadowView.swift in Sources */,
				E58FCD752D8FD11A003138BE /* Playground+ScrollView.swift in Sources */,
			);
			runOnlyForDeploymentPostprocessing = 0;
		};
/* End PBXSourcesBuildPhase section */

/* Begin PBXVariantGroup section */
		E58E924A2CCF40FD0076FEFB /* Main.storyboard */ = {
			isa = PBXVariantGroup;
			children = (
				E58E924B2CCF40FD0076FEFB /* Base */,
			);
			name = Main.storyboard;
			sourceTree = "<group>";
		};
		E58E924F2CCF40FF0076FEFB /* LaunchScreen.storyboard */ = {
			isa = PBXVariantGroup;
			children = (
				E58E92502CCF40FF0076FEFB /* Base */,
			);
			name = LaunchScreen.storyboard;
			sourceTree = "<group>";
		};
/* End PBXVariantGroup section */

/* Begin XCBuildConfiguration section */
		E58E92532CCF40FF0076FEFB /* Debug */ = {
			isa = XCBuildConfiguration;
			buildSettings = {
				ALWAYS_SEARCH_USER_PATHS = NO;
				ASSETCATALOG_COMPILER_GENERATE_SWIFT_ASSET_SYMBOL_EXTENSIONS = YES;
				CLANG_ANALYZER_NONNULL = YES;
				CLANG_ANALYZER_NUMBER_OBJECT_CONVERSION = YES_AGGRESSIVE;
				CLANG_CXX_LANGUAGE_STANDARD = "gnu++20";
				CLANG_ENABLE_MODULES = YES;
				CLANG_ENABLE_OBJC_ARC = YES;
				CLANG_ENABLE_OBJC_WEAK = YES;
				CLANG_WARN_BLOCK_CAPTURE_AUTORELEASING = YES;
				CLANG_WARN_BOOL_CONVERSION = YES;
				CLANG_WARN_COMMA = YES;
				CLANG_WARN_CONSTANT_CONVERSION = YES;
				CLANG_WARN_DEPRECATED_OBJC_IMPLEMENTATIONS = YES;
				CLANG_WARN_DIRECT_OBJC_ISA_USAGE = YES_ERROR;
				CLANG_WARN_DOCUMENTATION_COMMENTS = YES;
				CLANG_WARN_EMPTY_BODY = YES;
				CLANG_WARN_ENUM_CONVERSION = YES;
				CLANG_WARN_INFINITE_RECURSION = YES;
				CLANG_WARN_INT_CONVERSION = YES;
				CLANG_WARN_NON_LITERAL_NULL_CONVERSION = YES;
				CLANG_WARN_OBJC_IMPLICIT_RETAIN_SELF = YES;
				CLANG_WARN_OBJC_LITERAL_CONVERSION = YES;
				CLANG_WARN_OBJC_ROOT_CLASS = YES_ERROR;
				CLANG_WARN_QUOTED_INCLUDE_IN_FRAMEWORK_HEADER = YES;
				CLANG_WARN_RANGE_LOOP_ANALYSIS = YES;
				CLANG_WARN_STRICT_PROTOTYPES = YES;
				CLANG_WARN_SUSPICIOUS_MOVE = YES;
				CLANG_WARN_UNGUARDED_AVAILABILITY = YES_AGGRESSIVE;
				CLANG_WARN_UNREACHABLE_CODE = YES;
				CLANG_WARN__DUPLICATE_METHOD_MATCH = YES;
				COPY_PHASE_STRIP = NO;
				DEBUG_INFORMATION_FORMAT = dwarf;
				ENABLE_STRICT_OBJC_MSGSEND = YES;
				ENABLE_TESTABILITY = YES;
				ENABLE_USER_SCRIPT_SANDBOXING = YES;
				GCC_C_LANGUAGE_STANDARD = gnu17;
				GCC_DYNAMIC_NO_PIC = NO;
				GCC_NO_COMMON_BLOCKS = YES;
				GCC_OPTIMIZATION_LEVEL = 0;
				GCC_PREPROCESSOR_DEFINITIONS = (
					"DEBUG=1",
					"$(inherited)",
				);
				GCC_WARN_64_TO_32_BIT_CONVERSION = YES;
				GCC_WARN_ABOUT_RETURN_TYPE = YES_ERROR;
				GCC_WARN_UNDECLARED_SELECTOR = YES;
				GCC_WARN_UNINITIALIZED_AUTOS = YES_AGGRESSIVE;
				GCC_WARN_UNUSED_FUNCTION = YES;
				GCC_WARN_UNUSED_VARIABLE = YES;
				IPHONEOS_DEPLOYMENT_TARGET = 13;
				LOCALIZATION_PREFERS_STRING_CATALOGS = YES;
				MTL_ENABLE_DEBUG_INFO = INCLUDE_SOURCE;
				MTL_FAST_MATH = YES;
				ONLY_ACTIVE_ARCH = YES;
				SDKROOT = iphoneos;
				SWIFT_ACTIVE_COMPILATION_CONDITIONS = "DEBUG $(inherited)";
				SWIFT_OPTIMIZATION_LEVEL = "-Onone";
			};
			name = Debug;
		};
		E58E92542CCF40FF0076FEFB /* Release */ = {
			isa = XCBuildConfiguration;
			buildSettings = {
				ALWAYS_SEARCH_USER_PATHS = NO;
				ASSETCATALOG_COMPILER_GENERATE_SWIFT_ASSET_SYMBOL_EXTENSIONS = YES;
				CLANG_ANALYZER_NONNULL = YES;
				CLANG_ANALYZER_NUMBER_OBJECT_CONVERSION = YES_AGGRESSIVE;
				CLANG_CXX_LANGUAGE_STANDARD = "gnu++20";
				CLANG_ENABLE_MODULES = YES;
				CLANG_ENABLE_OBJC_ARC = YES;
				CLANG_ENABLE_OBJC_WEAK = YES;
				CLANG_WARN_BLOCK_CAPTURE_AUTORELEASING = YES;
				CLANG_WARN_BOOL_CONVERSION = YES;
				CLANG_WARN_COMMA = YES;
				CLANG_WARN_CONSTANT_CONVERSION = YES;
				CLANG_WARN_DEPRECATED_OBJC_IMPLEMENTATIONS = YES;
				CLANG_WARN_DIRECT_OBJC_ISA_USAGE = YES_ERROR;
				CLANG_WARN_DOCUMENTATION_COMMENTS = YES;
				CLANG_WARN_EMPTY_BODY = YES;
				CLANG_WARN_ENUM_CONVERSION = YES;
				CLANG_WARN_INFINITE_RECURSION = YES;
				CLANG_WARN_INT_CONVERSION = YES;
				CLANG_WARN_NON_LITERAL_NULL_CONVERSION = YES;
				CLANG_WARN_OBJC_IMPLICIT_RETAIN_SELF = YES;
				CLANG_WARN_OBJC_LITERAL_CONVERSION = YES;
				CLANG_WARN_OBJC_ROOT_CLASS = YES_ERROR;
				CLANG_WARN_QUOTED_INCLUDE_IN_FRAMEWORK_HEADER = YES;
				CLANG_WARN_RANGE_LOOP_ANALYSIS = YES;
				CLANG_WARN_STRICT_PROTOTYPES = YES;
				CLANG_WARN_SUSPICIOUS_MOVE = YES;
				CLANG_WARN_UNGUARDED_AVAILABILITY = YES_AGGRESSIVE;
				CLANG_WARN_UNREACHABLE_CODE = YES;
				CLANG_WARN__DUPLICATE_METHOD_MATCH = YES;
				COPY_PHASE_STRIP = NO;
				DEBUG_INFORMATION_FORMAT = "dwarf-with-dsym";
				ENABLE_NS_ASSERTIONS = NO;
				ENABLE_STRICT_OBJC_MSGSEND = YES;
				ENABLE_USER_SCRIPT_SANDBOXING = YES;
				GCC_C_LANGUAGE_STANDARD = gnu17;
				GCC_NO_COMMON_BLOCKS = YES;
				GCC_WARN_64_TO_32_BIT_CONVERSION = YES;
				GCC_WARN_ABOUT_RETURN_TYPE = YES_ERROR;
				GCC_WARN_UNDECLARED_SELECTOR = YES;
				GCC_WARN_UNINITIALIZED_AUTOS = YES_AGGRESSIVE;
				GCC_WARN_UNUSED_FUNCTION = YES;
				GCC_WARN_UNUSED_VARIABLE = YES;
				IPHONEOS_DEPLOYMENT_TARGET = 13;
				LOCALIZATION_PREFERS_STRING_CATALOGS = YES;
				MTL_ENABLE_DEBUG_INFO = NO;
				MTL_FAST_MATH = YES;
				SDKROOT = iphoneos;
				SWIFT_COMPILATION_MODE = wholemodule;
				VALIDATE_PRODUCT = YES;
			};
			name = Release;
		};
		E58E92562CCF40FF0076FEFB /* Debug */ = {
			isa = XCBuildConfiguration;
			buildSettings = {
				ASSETCATALOG_COMPILER_APPICON_NAME = AppIcon;
				ASSETCATALOG_COMPILER_GLOBAL_ACCENT_COLOR_NAME = AccentColor;
				CODE_SIGN_STYLE = Automatic;
				CURRENT_PROJECT_VERSION = 1;
				GENERATE_INFOPLIST_FILE = YES;
				INFOPLIST_FILE = "ComposeUIPlayground-iOS/Info.plist";
				INFOPLIST_KEY_LSApplicationCategoryType = "public.app-category.developer-tools";
				INFOPLIST_KEY_UIApplicationSupportsIndirectInputEvents = YES;
				INFOPLIST_KEY_UILaunchStoryboardName = LaunchScreen;
				INFOPLIST_KEY_UIMainStoryboardFile = Main;
				INFOPLIST_KEY_UISupportedInterfaceOrientations_iPad = "UIInterfaceOrientationPortrait UIInterfaceOrientationPortraitUpsideDown UIInterfaceOrientationLandscapeLeft UIInterfaceOrientationLandscapeRight";
				INFOPLIST_KEY_UISupportedInterfaceOrientations_iPhone = "UIInterfaceOrientationPortrait UIInterfaceOrientationLandscapeLeft UIInterfaceOrientationLandscapeRight";
				LD_RUNPATH_SEARCH_PATHS = (
					"$(inherited)",
					"@executable_path/Frameworks",
				);
				MARKETING_VERSION = 1.0;
				PRODUCT_BUNDLE_IDENTIFIER = "io.chouti.ComposeUIPlayground-iOS";
				PRODUCT_NAME = "ComposéUI";
				SWIFT_EMIT_LOC_STRINGS = YES;
				SWIFT_VERSION = 5.0;
				TARGETED_DEVICE_FAMILY = "1,2";
			};
			name = Debug;
		};
		E58E92572CCF40FF0076FEFB /* Release */ = {
			isa = XCBuildConfiguration;
			buildSettings = {
				ASSETCATALOG_COMPILER_APPICON_NAME = AppIcon;
				ASSETCATALOG_COMPILER_GLOBAL_ACCENT_COLOR_NAME = AccentColor;
				CODE_SIGN_STYLE = Automatic;
				CURRENT_PROJECT_VERSION = 1;
				GENERATE_INFOPLIST_FILE = YES;
				INFOPLIST_FILE = "ComposeUIPlayground-iOS/Info.plist";
				INFOPLIST_KEY_LSApplicationCategoryType = "public.app-category.developer-tools";
				INFOPLIST_KEY_UIApplicationSupportsIndirectInputEvents = YES;
				INFOPLIST_KEY_UILaunchStoryboardName = LaunchScreen;
				INFOPLIST_KEY_UIMainStoryboardFile = Main;
				INFOPLIST_KEY_UISupportedInterfaceOrientations_iPad = "UIInterfaceOrientationPortrait UIInterfaceOrientationPortraitUpsideDown UIInterfaceOrientationLandscapeLeft UIInterfaceOrientationLandscapeRight";
				INFOPLIST_KEY_UISupportedInterfaceOrientations_iPhone = "UIInterfaceOrientationPortrait UIInterfaceOrientationLandscapeLeft UIInterfaceOrientationLandscapeRight";
				LD_RUNPATH_SEARCH_PATHS = (
					"$(inherited)",
					"@executable_path/Frameworks",
				);
				MARKETING_VERSION = 1.0;
				PRODUCT_BUNDLE_IDENTIFIER = "io.chouti.ComposeUIPlayground-iOS";
				PRODUCT_NAME = "ComposéUI";
				SWIFT_EMIT_LOC_STRINGS = YES;
				SWIFT_VERSION = 5.0;
				TARGETED_DEVICE_FAMILY = "1,2";
			};
			name = Release;
		};
/* End XCBuildConfiguration section */

/* Begin XCConfigurationList section */
		E58E923C2CCF40FD0076FEFB /* Build configuration list for PBXProject "ComposeUIPlayground-iOS" */ = {
			isa = XCConfigurationList;
			buildConfigurations = (
				E58E92532CCF40FF0076FEFB /* Debug */,
				E58E92542CCF40FF0076FEFB /* Release */,
			);
			defaultConfigurationIsVisible = 0;
			defaultConfigurationName = Release;
		};
		E58E92552CCF40FF0076FEFB /* Build configuration list for PBXNativeTarget "ComposeUIPlayground-iOS" */ = {
			isa = XCConfigurationList;
			buildConfigurations = (
				E58E92562CCF40FF0076FEFB /* Debug */,
				E58E92572CCF40FF0076FEFB /* Release */,
			);
			defaultConfigurationIsVisible = 0;
			defaultConfigurationName = Release;
		};
/* End XCConfigurationList section */

/* Begin XCLocalSwiftPackageReference section */
		E5EA9B312D06CD4700570DF1 /* XCLocalSwiftPackageReference "../../../ComposeUI" */ = {
			isa = XCLocalSwiftPackageReference;
			relativePath = ../../../ComposeUI;
		};
/* End XCLocalSwiftPackageReference section */

/* Begin XCSwiftPackageProductDependency section */
		E58E925B2CCF43710076FEFB /* ComposeUI */ = {
			isa = XCSwiftPackageProductDependency;
			productName = ComposeUI;
		};
		E5EA9B322D06CD4700570DF1 /* ComposeUI */ = {
			isa = XCSwiftPackageProductDependency;
			productName = ComposeUI;
		};
/* End XCSwiftPackageProductDependency section */
	};
	rootObject = E58E92392CCF40FD0076FEFB /* Project object */;
}
